// !$*UTF8*$!
{
	archiveVersion = 1;
	classes = {
	};
	objectVersion = 50;
	objects = {

/* Begin PBXBuildFile section */
		1FCF6A0C25C3BAF4006B33DD /* AppDelegate.swift in Sources */ = {isa = PBXBuildFile; fileRef = 1FCF6A0B25C3BAF4006B33DD /* AppDelegate.swift */; };
		1FCF6A0E25C3BAF4006B33DD /* SceneDelegate.swift in Sources */ = {isa = PBXBuildFile; fileRef = 1FCF6A0D25C3BAF4006B33DD /* SceneDelegate.swift */; };
		1FCF6A1025C3BAF4006B33DD /* ViewController.swift in Sources */ = {isa = PBXBuildFile; fileRef = 1FCF6A0F25C3BAF4006B33DD /* ViewController.swift */; };
		1FCF6A1325C3BAF4006B33DD /* Main.storyboard in Resources */ = {isa = PBXBuildFile; fileRef = 1FCF6A1125C3BAF4006B33DD /* Main.storyboard */; };
		1FCF6A1525C3BAF6006B33DD /* Assets.xcassets in Resources */ = {isa = PBXBuildFile; fileRef = 1FCF6A1425C3BAF6006B33DD /* Assets.xcassets */; };
		1FCF6A1825C3BAF6006B33DD /* LaunchScreen.storyboard in Resources */ = {isa = PBXBuildFile; fileRef = 1FCF6A1625C3BAF6006B33DD /* LaunchScreen.storyboard */; };
		1FCF6A2325C3BAF7006B33DD /* DemoTests.swift in Sources */ = {isa = PBXBuildFile; fileRef = 1FCF6A2225C3BAF7006B33DD /* DemoTests.swift */; };
		1FCF6A2E25C3BAF7006B33DD /* DemoUITests.swift in Sources */ = {isa = PBXBuildFile; fileRef = 1FCF6A2D25C3BAF7006B33DD /* DemoUITests.swift */; };
/* End PBXBuildFile section */

/* Begin PBXContainerItemProxy section */
		1FCF6A1F25C3BAF7006B33DD /* PBXContainerItemProxy */ = {
			isa = PBXContainerItemProxy;
			containerPortal = 1FCF6A0025C3BAF4006B33DD /* Project object */;
			proxyType = 1;
			remoteGlobalIDString = 1FCF6A0725C3BAF4006B33DD;
			remoteInfo = Demo;
		};
		1FCF6A2A25C3BAF7006B33DD /* PBXContainerItemProxy */ = {
			isa = PBXContainerItemProxy;
			containerPortal = 1FCF6A0025C3BAF4006B33DD /* Project object */;
			proxyType = 1;
			remoteGlobalIDString = 1FCF6A0725C3BAF4006B33DD;
			remoteInfo = Demo;
		};
/* End PBXContainerItemProxy section */

/* Begin PBXFileReference section */
		1FCF6A0825C3BAF4006B33DD /* Demo.app */ = {isa = PBXFileReference; explicitFileType = wrapper.application; includeInIndex = 0; path = Demo.app; sourceTree = BUILT_PRODUCTS_DIR; };
		1FCF6A0B25C3BAF4006B33DD /* AppDelegate.swift */ = {isa = PBXFileReference; lastKnownFileType = sourcecode.swift; path = AppDelegate.swift; sourceTree = "<group>"; };
		1FCF6A0D25C3BAF4006B33DD /* SceneDelegate.swift */ = {isa = PBXFileReference; lastKnownFileType = sourcecode.swift; path = SceneDelegate.swift; sourceTree = "<group>"; };
		1FCF6A0F25C3BAF4006B33DD /* ViewController.swift */ = {isa = PBXFileReference; lastKnownFileType = sourcecode.swift; path = ViewController.swift; sourceTree = "<group>"; };
		1FCF6A1225C3BAF4006B33DD /* Base */ = {isa = PBXFileReference; lastKnownFileType = file.storyboard; name = Base; path = Base.lproj/Main.storyboard; sourceTree = "<group>"; };
		1FCF6A1425C3BAF6006B33DD /* Assets.xcassets */ = {isa = PBXFileReference; lastKnownFileType = folder.assetcatalog; path = Assets.xcassets; sourceTree = "<group>"; };
		1FCF6A1725C3BAF6006B33DD /* Base */ = {isa = PBXFileReference; lastKnownFileType = file.storyboard; name = Base; path = Base.lproj/LaunchScreen.storyboard; sourceTree = "<group>"; };
		1FCF6A1925C3BAF6006B33DD /* Info.plist */ = {isa = PBXFileReference; lastKnownFileType = text.plist.xml; path = Info.plist; sourceTree = "<group>"; };
		1FCF6A1E25C3BAF7006B33DD /* DemoTests.xctest */ = {isa = PBXFileReference; explicitFileType = wrapper.cfbundle; includeInIndex = 0; path = DemoTests.xctest; sourceTree = BUILT_PRODUCTS_DIR; };
		1FCF6A2225C3BAF7006B33DD /* DemoTests.swift */ = {isa = PBXFileReference; lastKnownFileType = sourcecode.swift; path = DemoTests.swift; sourceTree = "<group>"; };
		1FCF6A2425C3BAF7006B33DD /* Info.plist */ = {isa = PBXFileReference; lastKnownFileType = text.plist.xml; path = Info.plist; sourceTree = "<group>"; };
		1FCF6A2925C3BAF7006B33DD /* DemoUITests.xctest */ = {isa = PBXFileReference; explicitFileType = wrapper.cfbundle; includeInIndex = 0; path = DemoUITests.xctest; sourceTree = BUILT_PRODUCTS_DIR; };
		1FCF6A2D25C3BAF7006B33DD /* DemoUITests.swift */ = {isa = PBXFileReference; lastKnownFileType = sourcecode.swift; path = DemoUITests.swift; sourceTree = "<group>"; };
		1FCF6A2F25C3BAF7006B33DD /* Info.plist */ = {isa = PBXFileReference; lastKnownFileType = text.plist.xml; path = Info.plist; sourceTree = "<group>"; };
/* End PBXFileReference section */

/* Begin PBXFrameworksBuildPhase section */
		1FCF6A0525C3BAF4006B33DD /* Frameworks */ = {
			isa = PBXFrameworksBuildPhase;
			buildActionMask = 2147483647;
			files = (
			);
			runOnlyForDeploymentPostprocessing = 0;
		};
		1FCF6A1B25C3BAF7006B33DD /* Frameworks */ = {
			isa = PBXFrameworksBuildPhase;
			buildActionMask = 2147483647;
			files = (
			);
			runOnlyForDeploymentPostprocessing = 0;
		};
		1FCF6A2625C3BAF7006B33DD /* Frameworks */ = {
			isa = PBXFrameworksBuildPhase;
			buildActionMask = 2147483647;
			files = (
			);
			runOnlyForDeploymentPostprocessing = 0;
		};
/* End PBXFrameworksBuildPhase section */

/* Begin PBXGroup section */
		1FCF69FF25C3BAF4006B33DD = {
			isa = PBXGroup;
			children = (
				1FCF6A0A25C3BAF4006B33DD /* Demo */,
				1FCF6A2125C3BAF7006B33DD /* DemoTests */,
				1FCF6A2C25C3BAF7006B33DD /* DemoUITests */,
				1FCF6A0925C3BAF4006B33DD /* Products */,
			);
			sourceTree = "<group>";
		};
		1FCF6A0925C3BAF4006B33DD /* Products */ = {
			isa = PBXGroup;
			children = (
				1FCF6A0825C3BAF4006B33DD /* Demo.app */,
				1FCF6A1E25C3BAF7006B33DD /* DemoTests.xctest */,
				1FCF6A2925C3BAF7006B33DD /* DemoUITests.xctest */,
			);
			name = Products;
			sourceTree = "<group>";
		};
		1FCF6A0A25C3BAF4006B33DD /* Demo */ = {
			isa = PBXGroup;
			children = (
				1FCF6A0B25C3BAF4006B33DD /* AppDelegate.swift */,
				1FCF6A0D25C3BAF4006B33DD /* SceneDelegate.swift */,
				1FCF6A0F25C3BAF4006B33DD /* ViewController.swift */,
				1FCF6A1125C3BAF4006B33DD /* Main.storyboard */,
				1FCF6A1425C3BAF6006B33DD /* Assets.xcassets */,
				1FCF6A1625C3BAF6006B33DD /* LaunchScreen.storyboard */,
				1FCF6A1925C3BAF6006B33DD /* Info.plist */,
			);
			path = Demo;
			sourceTree = "<group>";
		};
		1FCF6A2125C3BAF7006B33DD /* DemoTests */ = {
			isa = PBXGroup;
			children = (
				1FCF6A2225C3BAF7006B33DD /* DemoTests.swift */,
				1FCF6A2425C3BAF7006B33DD /* Info.plist */,
			);
			path = DemoTests;
			sourceTree = "<group>";
		};
		1FCF6A2C25C3BAF7006B33DD /* DemoUITests */ = {
			isa = PBXGroup;
			children = (
				1FCF6A2D25C3BAF7006B33DD /* DemoUITests.swift */,
				1FCF6A2F25C3BAF7006B33DD /* Info.plist */,
			);
			path = DemoUITests;
			sourceTree = "<group>";
		};
/* End PBXGroup section */

/* Begin PBXNativeTarget section */
		1FCF6A0725C3BAF4006B33DD /* Demo */ = {
			isa = PBXNativeTarget;
			buildConfigurationList = 1FCF6A3225C3BAF7006B33DD /* Build configuration list for PBXNativeTarget "Demo" */;
			buildPhases = (
				1FCF6A0425C3BAF4006B33DD /* Sources */,
				1FCF6A0525C3BAF4006B33DD /* Frameworks */,
				1FCF6A0625C3BAF4006B33DD /* Resources */,
			);
			buildRules = (
			);
			dependencies = (
			);
			name = Demo;
			productName = Demo;
			productReference = 1FCF6A0825C3BAF4006B33DD /* Demo.app */;
			productType = "com.apple.product-type.application";
		};
		1FCF6A1D25C3BAF7006B33DD /* DemoTests */ = {
			isa = PBXNativeTarget;
			buildConfigurationList = 1FCF6A3525C3BAF7006B33DD /* Build configuration list for PBXNativeTarget "DemoTests" */;
			buildPhases = (
				1FCF6A1A25C3BAF7006B33DD /* Sources */,
				1FCF6A1B25C3BAF7006B33DD /* Frameworks */,
				1FCF6A1C25C3BAF7006B33DD /* Resources */,
			);
			buildRules = (
			);
			dependencies = (
				1FCF6A2025C3BAF7006B33DD /* PBXTargetDependency */,
			);
			name = DemoTests;
			productName = DemoTests;
			productReference = 1FCF6A1E25C3BAF7006B33DD /* DemoTests.xctest */;
			productType = "com.apple.product-type.bundle.unit-test";
		};
		1FCF6A2825C3BAF7006B33DD /* DemoUITests */ = {
			isa = PBXNativeTarget;
			buildConfigurationList = 1FCF6A3825C3BAF7006B33DD /* Build configuration list for PBXNativeTarget "DemoUITests" */;
			buildPhases = (
				1FCF6A2525C3BAF7006B33DD /* Sources */,
				1FCF6A2625C3BAF7006B33DD /* Frameworks */,
				1FCF6A2725C3BAF7006B33DD /* Resources */,
			);
			buildRules = (
			);
			dependencies = (
				1FCF6A2B25C3BAF7006B33DD /* PBXTargetDependency */,
			);
			name = DemoUITests;
			productName = DemoUITests;
			productReference = 1FCF6A2925C3BAF7006B33DD /* DemoUITests.xctest */;
			productType = "com.apple.product-type.bundle.ui-testing";
		};
/* End PBXNativeTarget section */

/* Begin PBXProject section */
		1FCF6A0025C3BAF4006B33DD /* Project object */ = {
			isa = PBXProject;
			attributes = {
				LastSwiftUpdateCheck = 1200;
				LastUpgradeCheck = 1200;
				TargetAttributes = {
					1FCF6A0725C3BAF4006B33DD = {
						CreatedOnToolsVersion = 12.0;
					};
					1FCF6A1D25C3BAF7006B33DD = {
						CreatedOnToolsVersion = 12.0;
						TestTargetID = 1FCF6A0725C3BAF4006B33DD;
					};
					1FCF6A2825C3BAF7006B33DD = {
						CreatedOnToolsVersion = 12.0;
						TestTargetID = 1FCF6A0725C3BAF4006B33DD;
					};
				};
			};
			buildConfigurationList = 1FCF6A0325C3BAF4006B33DD /* Build configuration list for PBXProject "Demo" */;
			compatibilityVersion = "Xcode 9.3";
			developmentRegion = en;
			hasScannedForEncodings = 0;
			knownRegions = (
				en,
				Base,
			);
			mainGroup = 1FCF69FF25C3BAF4006B33DD;
			productRefGroup = 1FCF6A0925C3BAF4006B33DD /* Products */;
			projectDirPath = "";
			projectRoot = "";
			targets = (
				1FCF6A0725C3BAF4006B33DD /* Demo */,
				1FCF6A1D25C3BAF7006B33DD /* DemoTests */,
				1FCF6A2825C3BAF7006B33DD /* DemoUITests */,
			);
		};
/* End PBXProject section */

/* Begin PBXResourcesBuildPhase section */
		1FCF6A0625C3BAF4006B33DD /* Resources */ = {
			isa = PBXResourcesBuildPhase;
			buildActionMask = 2147483647;
			files = (
				1FCF6A1825C3BAF6006B33DD /* LaunchScreen.storyboard in Resources */,
				1FCF6A1525C3BAF6006B33DD /* Assets.xcassets in Resources */,
				1FCF6A1325C3BAF4006B33DD /* Main.storyboard in Resources */,
			);
			runOnlyForDeploymentPostprocessing = 0;
		};
		1FCF6A1C25C3BAF7006B33DD /* Resources */ = {
			isa = PBXResourcesBuildPhase;
			buildActionMask = 2147483647;
			files = (
			);
			runOnlyForDeploymentPostprocessing = 0;
		};
		1FCF6A2725C3BAF7006B33DD /* Resources */ = {
			isa = PBXResourcesBuildPhase;
			buildActionMask = 2147483647;
			files = (
			);
			runOnlyForDeploymentPostprocessing = 0;
		};
/* End PBXResourcesBuildPhase section */

/* Begin PBXSourcesBuildPhase section */
		1FCF6A0425C3BAF4006B33DD /* Sources */ = {
			isa = PBXSourcesBuildPhase;
			buildActionMask = 2147483647;
			files = (
				1FCF6A1025C3BAF4006B33DD /* ViewController.swift in Sources */,
				1FCF6A0C25C3BAF4006B33DD /* AppDelegate.swift in Sources */,
				1FCF6A0E25C3BAF4006B33DD /* SceneDelegate.swift in Sources */,
			);
			runOnlyForDeploymentPostprocessing = 0;
		};
		1FCF6A1A25C3BAF7006B33DD /* Sources */ = {
			isa = PBXSourcesBuildPhase;
			buildActionMask = 2147483647;
			files = (
				1FCF6A2325C3BAF7006B33DD /* DemoTests.swift in Sources */,
			);
			runOnlyForDeploymentPostprocessing = 0;
		};
		1FCF6A2525C3BAF7006B33DD /* Sources */ = {
			isa = PBXSourcesBuildPhase;
			buildActionMask = 2147483647;
			files = (
				1FCF6A2E25C3BAF7006B33DD /* DemoUITests.swift in Sources */,
			);
			runOnlyForDeploymentPostprocessing = 0;
		};
/* End PBXSourcesBuildPhase section */

/* Begin PBXTargetDependency section */
		1FCF6A2025C3BAF7006B33DD /* PBXTargetDependency */ = {
			isa = PBXTargetDependency;
			target = 1FCF6A0725C3BAF4006B33DD /* Demo */;
			targetProxy = 1FCF6A1F25C3BAF7006B33DD /* PBXContainerItemProxy */;
		};
		1FCF6A2B25C3BAF7006B33DD /* PBXTargetDependency */ = {
			isa = PBXTargetDependency;
			target = 1FCF6A0725C3BAF4006B33DD /* Demo */;
			targetProxy = 1FCF6A2A25C3BAF7006B33DD /* PBXContainerItemProxy */;
		};
/* End PBXTargetDependency section */

/* Begin PBXVariantGroup section */
		1FCF6A1125C3BAF4006B33DD /* Main.storyboard */ = {
			isa = PBXVariantGroup;
			children = (
				1FCF6A1225C3BAF4006B33DD /* Base */,
			);
			name = Main.storyboard;
			sourceTree = "<group>";
		};
		1FCF6A1625C3BAF6006B33DD /* LaunchScreen.storyboard */ = {
			isa = PBXVariantGroup;
			children = (
				1FCF6A1725C3BAF6006B33DD /* Base */,
			);
			name = LaunchScreen.storyboard;
			sourceTree = "<group>";
		};
/* End PBXVariantGroup section */

/* Begin XCBuildConfiguration section */
		1FCF6A3025C3BAF7006B33DD /* Debug */ = {
			isa = XCBuildConfiguration;
			buildSettings = {
				ALWAYS_SEARCH_USER_PATHS = NO;
				CLANG_ANALYZER_NONNULL = YES;
				CLANG_ANALYZER_NUMBER_OBJECT_CONVERSION = YES_AGGRESSIVE;
				CLANG_CXX_LANGUAGE_STANDARD = "gnu++14";
				CLANG_CXX_LIBRARY = "libc++";
				CLANG_ENABLE_MODULES = YES;
				CLANG_ENABLE_OBJC_ARC = YES;
				CLANG_ENABLE_OBJC_WEAK = YES;
				CLANG_WARN_BLOCK_CAPTURE_AUTORELEASING = YES;
				CLANG_WARN_BOOL_CONVERSION = YES;
				CLANG_WARN_COMMA = YES;
				CLANG_WARN_CONSTANT_CONVERSION = YES;
				CLANG_WARN_DEPRECATED_OBJC_IMPLEMENTATIONS = YES;
				CLANG_WARN_DIRECT_OBJC_ISA_USAGE = YES_ERROR;
				CLANG_WARN_DOCUMENTATION_COMMENTS = YES;
				CLANG_WARN_EMPTY_BODY = YES;
				CLANG_WARN_ENUM_CONVERSION = YES;
				CLANG_WARN_INFINITE_RECURSION = YES;
				CLANG_WARN_INT_CONVERSION = YES;
				CLANG_WARN_NON_LITERAL_NULL_CONVERSION = YES;
				CLANG_WARN_OBJC_IMPLICIT_RETAIN_SELF = YES;
				CLANG_WARN_OBJC_LITERAL_CONVERSION = YES;
				CLANG_WARN_OBJC_ROOT_CLASS = YES_ERROR;
				CLANG_WARN_QUOTED_INCLUDE_IN_FRAMEWORK_HEADER = YES;
				CLANG_WARN_RANGE_LOOP_ANALYSIS = YES;
				CLANG_WARN_STRICT_PROTOTYPES = YES;
				CLANG_WARN_SUSPICIOUS_MOVE = YES;
				CLANG_WARN_UNGUARDED_AVAILABILITY = YES_AGGRESSIVE;
				CLANG_WARN_UNREACHABLE_CODE = YES;
				CLANG_WARN__DUPLICATE_METHOD_MATCH = YES;
				COPY_PHASE_STRIP = NO;
				DEBUG_INFORMATION_FORMAT = dwarf;
				ENABLE_STRICT_OBJC_MSGSEND = YES;
				ENABLE_TESTABILITY = YES;
				GCC_C_LANGUAGE_STANDARD = gnu11;
				GCC_DYNAMIC_NO_PIC = NO;
				GCC_NO_COMMON_BLOCKS = YES;
				GCC_OPTIMIZATION_LEVEL = 0;
				GCC_PREPROCESSOR_DEFINITIONS = (
					"DEBUG=1",
					"$(inherited)",
				);
				GCC_WARN_64_TO_32_BIT_CONVERSION = YES;
				GCC_WARN_ABOUT_RETURN_TYPE = YES_ERROR;
				GCC_WARN_UNDECLARED_SELECTOR = YES;
				GCC_WARN_UNINITIALIZED_AUTOS = YES_AGGRESSIVE;
				GCC_WARN_UNUSED_FUNCTION = YES;
				GCC_WARN_UNUSED_VARIABLE = YES;
				IPHONEOS_DEPLOYMENT_TARGET = 14.0;
				MTL_ENABLE_DEBUG_INFO = INCLUDE_SOURCE;
				MTL_FAST_MATH = YES;
				ONLY_ACTIVE_ARCH = YES;
				SDKROOT = iphoneos;
				SWIFT_ACTIVE_COMPILATION_CONDITIONS = DEBUG;
				SWIFT_OPTIMIZATION_LEVEL = "-Onone";
			};
			name = Debug;
		};
		1FCF6A3125C3BAF7006B33DD /* Release */ = {
			isa = XCBuildConfiguration;
			buildSettings = {
				ALWAYS_SEARCH_USER_PATHS = NO;
				CLANG_ANALYZER_NONNULL = YES;
				CLANG_ANALYZER_NUMBER_OBJECT_CONVERSION = YES_AGGRESSIVE;
				CLANG_CXX_LANGUAGE_STANDARD = "gnu++14";
				CLANG_CXX_LIBRARY = "libc++";
				CLANG_ENABLE_MODULES = YES;
				CLANG_ENABLE_OBJC_ARC = YES;
				CLANG_ENABLE_OBJC_WEAK = YES;
				CLANG_WARN_BLOCK_CAPTURE_AUTORELEASING = YES;
				CLANG_WARN_BOOL_CONVERSION = YES;
				CLANG_WARN_COMMA = YES;
				CLANG_WARN_CONSTANT_CONVERSION = YES;
				CLANG_WARN_DEPRECATED_OBJC_IMPLEMENTATIONS = YES;
				CLANG_WARN_DIRECT_OBJC_ISA_USAGE = YES_ERROR;
				CLANG_WARN_DOCUMENTATION_COMMENTS = YES;
				CLANG_WARN_EMPTY_BODY = YES;
				CLANG_WARN_ENUM_CONVERSION = YES;
				CLANG_WARN_INFINITE_RECURSION = YES;
				CLANG_WARN_INT_CONVERSION = YES;
				CLANG_WARN_NON_LITERAL_NULL_CONVERSION = YES;
				CLANG_WARN_OBJC_IMPLICIT_RETAIN_SELF = YES;
				CLANG_WARN_OBJC_LITERAL_CONVERSION = YES;
				CLANG_WARN_OBJC_ROOT_CLASS = YES_ERROR;
				CLANG_WARN_QUOTED_INCLUDE_IN_FRAMEWORK_HEADER = YES;
				CLANG_WARN_RANGE_LOOP_ANALYSIS = YES;
				CLANG_WARN_STRICT_PROTOTYPES = YES;
				CLANG_WARN_SUSPICIOUS_MOVE = YES;
				CLANG_WARN_UNGUARDED_AVAILABILITY = YES_AGGRESSIVE;
				CLANG_WARN_UNREACHABLE_CODE = YES;
				CLANG_WARN__DUPLICATE_METHOD_MATCH = YES;
				COPY_PHASE_STRIP = NO;
				DEBUG_INFORMATION_FORMAT = "dwarf-with-dsym";
				ENABLE_NS_ASSERTIONS = NO;
				ENABLE_STRICT_OBJC_MSGSEND = YES;
				GCC_C_LANGUAGE_STANDARD = gnu11;
				GCC_NO_COMMON_BLOCKS = YES;
				GCC_WARN_64_TO_32_BIT_CONVERSION = YES;
				GCC_WARN_ABOUT_RETURN_TYPE = YES_ERROR;
				GCC_WARN_UNDECLARED_SELECTOR = YES;
				GCC_WARN_UNINITIALIZED_AUTOS = YES_AGGRESSIVE;
				GCC_WARN_UNUSED_FUNCTION = YES;
				GCC_WARN_UNUSED_VARIABLE = YES;
				IPHONEOS_DEPLOYMENT_TARGET = 14.0;
				MTL_ENABLE_DEBUG_INFO = NO;
				MTL_FAST_MATH = YES;
				SDKROOT = iphoneos;
				SWIFT_COMPILATION_MODE = wholemodule;
				SWIFT_OPTIMIZATION_LEVEL = "-O";
				VALIDATE_PRODUCT = YES;
			};
			name = Release;
		};
		1FCF6A3325C3BAF7006B33DD /* Debug */ = {
			isa = XCBuildConfiguration;
			buildSettings = {
				ASSETCATALOG_COMPILER_APPICON_NAME = AppIcon;
				ASSETCATALOG_COMPILER_GLOBAL_ACCENT_COLOR_NAME = AccentColor;
				CODE_SIGN_STYLE = Automatic;
				INFOPLIST_FILE = Demo/Info.plist;
				LD_RUNPATH_SEARCH_PATHS = (
					"$(inherited)",
					"@executable_path/Frameworks",
				);
				PRODUCT_BUNDLE_IDENTIFIER = com.student.Demo;
				PRODUCT_NAME = "$(TARGET_NAME)";
				SWIFT_VERSION = 5.0;
				TARGETED_DEVICE_FAMILY = "1,2";
			};
			name = Debug;
		};
		1FCF6A3425C3BAF7006B33DD /* Release */ = {
			isa = XCBuildConfiguration;
			buildSettings = {
				ASSETCATALOG_COMPILER_APPICON_NAME = AppIcon;
				ASSETCATALOG_COMPILER_GLOBAL_ACCENT_COLOR_NAME = AccentColor;
				CODE_SIGN_STYLE = Automatic;
				INFOPLIST_FILE = Demo/Info.plist;
				LD_RUNPATH_SEARCH_PATHS = (
					"$(inherited)",
					"@executable_path/Frameworks",
				);
				PRODUCT_BUNDLE_IDENTIFIER = com.student.Demo;
				PRODUCT_NAME = "$(TARGET_NAME)";
				SWIFT_VERSION = 5.0;
				TARGETED_DEVICE_FAMILY = "1,2";
			};
			name = Release;
		};
		1FCF6A3625C3BAF7006B33DD /* Debug */ = {
			isa = XCBuildConfiguration;
			buildSettings = {
				ALWAYS_EMBED_SWIFT_STANDARD_LIBRARIES = YES;
				BUNDLE_LOADER = "$(TEST_HOST)";
				CODE_SIGN_STYLE = Automatic;
				INFOPLIST_FILE = DemoTests/Info.plist;
				IPHONEOS_DEPLOYMENT_TARGET = 14.0;
				LD_RUNPATH_SEARCH_PATHS = (
					"$(inherited)",
					"@executable_path/Frameworks",
					"@loader_path/Frameworks",
				);
				PRODUCT_BUNDLE_IDENTIFIER = com.student.DemoTests;
				PRODUCT_NAME = "$(TARGET_NAME)";
				SWIFT_VERSION = 5.0;
				TARGETED_DEVICE_FAMILY = "1,2";
				TEST_HOST = "$(BUILT_PRODUCTS_DIR)/Demo.app/Demo";
			};
			name = Debug;
		};
		1FCF6A3725C3BAF7006B33DD /* Release */ = {
			isa = XCBuildConfiguration;
			buildSettings = {
				ALWAYS_EMBED_SWIFT_STANDARD_LIBRARIES = YES;
				BUNDLE_LOADER = "$(TEST_HOST)";
				CODE_SIGN_STYLE = Automatic;
				INFOPLIST_FILE = DemoTests/Info.plist;
				IPHONEOS_DEPLOYMENT_TARGET = 14.0;
				LD_RUNPATH_SEARCH_PATHS = (
					"$(inherited)",
					"@executable_path/Frameworks",
					"@loader_path/Frameworks",
				);
				PRODUCT_BUNDLE_IDENTIFIER = com.student.DemoTests;
				PRODUCT_NAME = "$(TARGET_NAME)";
				SWIFT_VERSION = 5.0;
				TARGETED_DEVICE_FAMILY = "1,2";
				TEST_HOST = "$(BUILT_PRODUCTS_DIR)/Demo.app/Demo";
			};
			name = Release;
		};
		1FCF6A3925C3BAF7006B33DD /* Debug */ = {
			isa = XCBuildConfiguration;
			buildSettings = {
				ALWAYS_EMBED_SWIFT_STANDARD_LIBRARIES = YES;
				CODE_SIGN_STYLE = Automatic;
				INFOPLIST_FILE = DemoUITests/Info.plist;
				LD_RUNPATH_SEARCH_PATHS = (
					"$(inherited)",
					"@executable_path/Frameworks",
					"@loader_path/Frameworks",
				);
				PRODUCT_BUNDLE_IDENTIFIER = com.student.DemoUITests;
				PRODUCT_NAME = "$(TARGET_NAME)";
				SWIFT_VERSION = 5.0;
				TARGETED_DEVICE_FAMILY = "1,2";
				TEST_TARGET_NAME = Demo;
			};
			name = Debug;
		};
		1FCF6A3A25C3BAF7006B33DD /* Release */ = {
			isa = XCBuildConfiguration;
			buildSettings = {
				ALWAYS_EMBED_SWIFT_STANDARD_LIBRARIES = YES;
				CODE_SIGN_STYLE = Automatic;
				INFOPLIST_FILE = DemoUITests/Info.plist;
				LD_RUNPATH_SEARCH_PATHS = (
					"$(inherited)",
					"@executable_path/Frameworks",
					"@loader_path/Frameworks",
				);
				PRODUCT_BUNDLE_IDENTIFIER = com.student.DemoUITests;
				PRODUCT_NAME = "$(TARGET_NAME)";
				SWIFT_VERSION = 5.0;
				TARGETED_DEVICE_FAMILY = "1,2";
				TEST_TARGET_NAME = Demo;
			};
			name = Release;
		};
/* End XCBuildConfiguration section */

/* Begin XCConfigurationList section */
		1FCF6A0325C3BAF4006B33DD /* Build configuration list for PBXProject "Demo" */ = {
			isa = XCConfigurationList;
			buildConfigurations = (
				1FCF6A3025C3BAF7006B33DD /* Debug */,
				1FCF6A3125C3BAF7006B33DD /* Release */,
			);
			defaultConfigurationIsVisible = 0;
			defaultConfigurationName = Release;
		};
		1FCF6A3225C3BAF7006B33DD /* Build configuration list for PBXNativeTarget "Demo" */ = {
			isa = XCConfigurationList;
			buildConfigurations = (
				1FCF6A3325C3BAF7006B33DD /* Debug */,
				1FCF6A3425C3BAF7006B33DD /* Release */,
			);
			defaultConfigurationIsVisible = 0;
			defaultConfigurationName = Release;
		};
		1FCF6A3525C3BAF7006B33DD /* Build configuration list for PBXNativeTarget "DemoTests" */ = {
			isa = XCConfigurationList;
			buildConfigurations = (
				1FCF6A3625C3BAF7006B33DD /* Debug */,
				1FCF6A3725C3BAF7006B33DD /* Release */,
			);
			defaultConfigurationIsVisible = 0;
			defaultConfigurationName = Release;
		};
		1FCF6A3825C3BAF7006B33DD /* Build configuration list for PBXNativeTarget "DemoUITests" */ = {
			isa = XCConfigurationList;
			buildConfigurations = (
				1FCF6A3925C3BAF7006B33DD /* Debug */,
				1FCF6A3A25C3BAF7006B33DD /* Release */,
			);
			defaultConfigurationIsVisible = 0;
			defaultConfigurationName = Release;
		};
/* End XCConfigurationList section */
	};
	rootObject = 1FCF6A0025C3BAF4006B33DD /* Project object */;
}
