// !$*UTF8*$!
{
	archiveVersion = 1;
	classes = {
	};
	objectVersion = 46;
	objects = {

/* Begin PBXBuildFile section */
		BB14F5B91DCC57C600708557 /* AppDelegate.swift in Sources */ = {isa = PBXBuildFile; fileRef = BB14F5B81DCC57C600708557 /* AppDelegate.swift */; };
		BB14F5BB1DCC57C600708557 /* ViewController.swift in Sources */ = {isa = PBXBuildFile; fileRef = BB14F5BA1DCC57C600708557 /* ViewController.swift */; };
		BB14F5BE1DCC57C600708557 /* Main.storyboard in Resources */ = {isa = PBXBuildFile; fileRef = BB14F5BC1DCC57C600708557 /* Main.storyboard */; };
		BB14F5C11DCC57C600708557 /* Sheng_Object.xcdatamodeld in Sources */ = {isa = PBXBuildFile; fileRef = BB14F5BF1DCC57C600708557 /* Sheng_Object.xcdatamodeld */; };
		BB14F5C31DCC57C600708557 /* Assets.xcassets in Resources */ = {isa = PBXBuildFile; fileRef = BB14F5C21DCC57C600708557 /* Assets.xcassets */; };
		BB14F5C61DCC57C600708557 /* LaunchScreen.storyboard in Resources */ = {isa = PBXBuildFile; fileRef = BB14F5C41DCC57C600708557 /* LaunchScreen.storyboard */; };
		BB14F5D11DCC57C700708557 /* Sheng_ObjectTests.swift in Sources */ = {isa = PBXBuildFile; fileRef = BB14F5D01DCC57C700708557 /* Sheng_ObjectTests.swift */; };
		BB14F5DC1DCC57C700708557 /* Sheng_ObjectUITests.swift in Sources */ = {isa = PBXBuildFile; fileRef = BB14F5DB1DCC57C700708557 /* Sheng_ObjectUITests.swift */; };
/* End PBXBuildFile section */

/* Begin PBXContainerItemProxy section */
		BB14F5CD1DCC57C700708557 /* PBXContainerItemProxy */ = {
			isa = PBXContainerItemProxy;
			containerPortal = BB14F5AD1DCC57C600708557 /* Project object */;
			proxyType = 1;
			remoteGlobalIDString = BB14F5B41DCC57C600708557;
			remoteInfo = Sheng_Object;
		};
		BB14F5D81DCC57C700708557 /* PBXContainerItemProxy */ = {
			isa = PBXContainerItemProxy;
			containerPortal = BB14F5AD1DCC57C600708557 /* Project object */;
			proxyType = 1;
			remoteGlobalIDString = BB14F5B41DCC57C600708557;
			remoteInfo = Sheng_Object;
		};
/* End PBXContainerItemProxy section */

/* Begin PBXFileReference section */
		BB14F5B51DCC57C600708557 /* Sheng_Object.app */ = {isa = PBXFileReference; explicitFileType = wrapper.application; includeInIndex = 0; path = Sheng_Object.app; sourceTree = BUILT_PRODUCTS_DIR; };
		BB14F5B81DCC57C600708557 /* AppDelegate.swift */ = {isa = PBXFileReference; lastKnownFileType = sourcecode.swift; path = AppDelegate.swift; sourceTree = "<group>"; };
		BB14F5BA1DCC57C600708557 /* ViewController.swift */ = {isa = PBXFileReference; lastKnownFileType = sourcecode.swift; path = ViewController.swift; sourceTree = "<group>"; };
		BB14F5BD1DCC57C600708557 /* Base */ = {isa = PBXFileReference; lastKnownFileType = file.storyboard; name = Base; path = Base.lproj/Main.storyboard; sourceTree = "<group>"; };
		BB14F5C01DCC57C600708557 /* Sheng_Object.xcdatamodel */ = {isa = PBXFileReference; lastKnownFileType = wrapper.xcdatamodel; path = Sheng_Object.xcdatamodel; sourceTree = "<group>"; };
		BB14F5C21DCC57C600708557 /* Assets.xcassets */ = {isa = PBXFileReference; lastKnownFileType = folder.assetcatalog; path = Assets.xcassets; sourceTree = "<group>"; };
		BB14F5C51DCC57C600708557 /* Base */ = {isa = PBXFileReference; lastKnownFileType = file.storyboard; name = Base; path = Base.lproj/LaunchScreen.storyboard; sourceTree = "<group>"; };
		BB14F5C71DCC57C700708557 /* Info.plist */ = {isa = PBXFileReference; lastKnownFileType = text.plist.xml; path = Info.plist; sourceTree = "<group>"; };
		BB14F5CC1DCC57C700708557 /* Sheng_ObjectTests.xctest */ = {isa = PBXFileReference; explicitFileType = wrapper.cfbundle; includeInIndex = 0; path = Sheng_ObjectTests.xctest; sourceTree = BUILT_PRODUCTS_DIR; };
		BB14F5D01DCC57C700708557 /* Sheng_ObjectTests.swift */ = {isa = PBXFileReference; lastKnownFileType = sourcecode.swift; path = Sheng_ObjectTests.swift; sourceTree = "<group>"; };
		BB14F5D21DCC57C700708557 /* Info.plist */ = {isa = PBXFileReference; lastKnownFileType = text.plist.xml; path = Info.plist; sourceTree = "<group>"; };
		BB14F5D71DCC57C700708557 /* Sheng_ObjectUITests.xctest */ = {isa = PBXFileReference; explicitFileType = wrapper.cfbundle; includeInIndex = 0; path = Sheng_ObjectUITests.xctest; sourceTree = BUILT_PRODUCTS_DIR; };
		BB14F5DB1DCC57C700708557 /* Sheng_ObjectUITests.swift */ = {isa = PBXFileReference; lastKnownFileType = sourcecode.swift; path = Sheng_ObjectUITests.swift; sourceTree = "<group>"; };
		BB14F5DD1DCC57C700708557 /* Info.plist */ = {isa = PBXFileReference; lastKnownFileType = text.plist.xml; path = Info.plist; sourceTree = "<group>"; };
/* End PBXFileReference section */

/* Begin PBXFrameworksBuildPhase section */
		BB14F5B21DCC57C600708557 /* Frameworks */ = {
			isa = PBXFrameworksBuildPhase;
			buildActionMask = 2147483647;
			files = (
			);
			runOnlyForDeploymentPostprocessing = 0;
		};
		BB14F5C91DCC57C700708557 /* Frameworks */ = {
			isa = PBXFrameworksBuildPhase;
			buildActionMask = 2147483647;
			files = (
			);
			runOnlyForDeploymentPostprocessing = 0;
		};
		BB14F5D41DCC57C700708557 /* Frameworks */ = {
			isa = PBXFrameworksBuildPhase;
			buildActionMask = 2147483647;
			files = (
			);
			runOnlyForDeploymentPostprocessing = 0;
		};
/* End PBXFrameworksBuildPhase section */

/* Begin PBXGroup section */
		BB14F5AC1DCC57C600708557 = {
			isa = PBXGroup;
			children = (
				BB14F5B71DCC57C600708557 /* Sheng_Object */,
				BB14F5CF1DCC57C700708557 /* Sheng_ObjectTests */,
				BB14F5DA1DCC57C700708557 /* Sheng_ObjectUITests */,
				BB14F5B61DCC57C600708557 /* Products */,
			);
			sourceTree = "<group>";
		};
		BB14F5B61DCC57C600708557 /* Products */ = {
			isa = PBXGroup;
			children = (
				BB14F5B51DCC57C600708557 /* Sheng_Object.app */,
				BB14F5CC1DCC57C700708557 /* Sheng_ObjectTests.xctest */,
				BB14F5D71DCC57C700708557 /* Sheng_ObjectUITests.xctest */,
			);
			name = Products;
			sourceTree = "<group>";
		};
		BB14F5B71DCC57C600708557 /* Sheng_Object */ = {
			isa = PBXGroup;
			children = (
				BB14F5B81DCC57C600708557 /* AppDelegate.swift */,
				BB14F5BA1DCC57C600708557 /* ViewController.swift */,
				BB14F5BC1DCC57C600708557 /* Main.storyboard */,
				BB14F5C21DCC57C600708557 /* Assets.xcassets */,
				BB14F5C41DCC57C600708557 /* LaunchScreen.storyboard */,
				BB14F5C71DCC57C700708557 /* Info.plist */,
				BB14F5BF1DCC57C600708557 /* Sheng_Object.xcdatamodeld */,
			);
			path = Sheng_Object;
			sourceTree = "<group>";
		};
		BB14F5CF1DCC57C700708557 /* Sheng_ObjectTests */ = {
			isa = PBXGroup;
			children = (
				BB14F5D01DCC57C700708557 /* Sheng_ObjectTests.swift */,
				BB14F5D21DCC57C700708557 /* Info.plist */,
			);
			path = Sheng_ObjectTests;
			sourceTree = "<group>";
		};
		BB14F5DA1DCC57C700708557 /* Sheng_ObjectUITests */ = {
			isa = PBXGroup;
			children = (
				BB14F5DB1DCC57C700708557 /* Sheng_ObjectUITests.swift */,
				BB14F5DD1DCC57C700708557 /* Info.plist */,
			);
			path = Sheng_ObjectUITests;
			sourceTree = "<group>";
		};
/* End PBXGroup section */

/* Begin PBXNativeTarget section */
		BB14F5B41DCC57C600708557 /* Sheng_Object */ = {
			isa = PBXNativeTarget;
			buildConfigurationList = BB14F5E01DCC57C700708557 /* Build configuration list for PBXNativeTarget "Sheng_Object" */;
			buildPhases = (
				BB14F5B11DCC57C600708557 /* Sources */,
				BB14F5B21DCC57C600708557 /* Frameworks */,
				BB14F5B31DCC57C600708557 /* Resources */,
			);
			buildRules = (
			);
			dependencies = (
			);
			name = Sheng_Object;
			productName = Sheng_Object;
			productReference = BB14F5B51DCC57C600708557 /* Sheng_Object.app */;
			productType = "com.apple.product-type.application";
		};
		BB14F5CB1DCC57C700708557 /* Sheng_ObjectTests */ = {
			isa = PBXNativeTarget;
			buildConfigurationList = BB14F5E31DCC57C700708557 /* Build configuration list for PBXNativeTarget "Sheng_ObjectTests" */;
			buildPhases = (
				BB14F5C81DCC57C700708557 /* Sources */,
				BB14F5C91DCC57C700708557 /* Frameworks */,
				BB14F5CA1DCC57C700708557 /* Resources */,
			);
			buildRules = (
			);
			dependencies = (
				BB14F5CE1DCC57C700708557 /* PBXTargetDependency */,
			);
			name = Sheng_ObjectTests;
			productName = Sheng_ObjectTests;
			productReference = BB14F5CC1DCC57C700708557 /* Sheng_ObjectTests.xctest */;
			productType = "com.apple.product-type.bundle.unit-test";
		};
		BB14F5D61DCC57C700708557 /* Sheng_ObjectUITests */ = {
			isa = PBXNativeTarget;
			buildConfigurationList = BB14F5E61DCC57C700708557 /* Build configuration list for PBXNativeTarget "Sheng_ObjectUITests" */;
			buildPhases = (
				BB14F5D31DCC57C700708557 /* Sources */,
				BB14F5D41DCC57C700708557 /* Frameworks */,
				BB14F5D51DCC57C700708557 /* Resources */,
			);
			buildRules = (
			);
			dependencies = (
				BB14F5D91DCC57C700708557 /* PBXTargetDependency */,
			);
			name = Sheng_ObjectUITests;
			productName = Sheng_ObjectUITests;
			productReference = BB14F5D71DCC57C700708557 /* Sheng_ObjectUITests.xctest */;
			productType = "com.apple.product-type.bundle.ui-testing";
		};
/* End PBXNativeTarget section */

/* Begin PBXProject section */
		BB14F5AD1DCC57C600708557 /* Project object */ = {
			isa = PBXProject;
			attributes = {
				LastSwiftUpdateCheck = 0810;
				LastUpgradeCheck = 0810;
				ORGANIZATIONNAME = YTT1;
				TargetAttributes = {
					BB14F5B41DCC57C600708557 = {
						CreatedOnToolsVersion = 8.1;
						DevelopmentTeam = X6PVYY6Q9E;
						ProvisioningStyle = Automatic;
					};
					BB14F5CB1DCC57C700708557 = {
						CreatedOnToolsVersion = 8.1;
						DevelopmentTeam = X6PVYY6Q9E;
						ProvisioningStyle = Automatic;
						TestTargetID = BB14F5B41DCC57C600708557;
					};
					BB14F5D61DCC57C700708557 = {
						CreatedOnToolsVersion = 8.1;
						DevelopmentTeam = X6PVYY6Q9E;
						ProvisioningStyle = Automatic;
						TestTargetID = BB14F5B41DCC57C600708557;
					};
				};
			};
			buildConfigurationList = BB14F5B01DCC57C600708557 /* Build configuration list for PBXProject "Sheng_Object" */;
			compatibilityVersion = "Xcode 3.2";
			developmentRegion = English;
			hasScannedForEncodings = 0;
			knownRegions = (
				en,
				Base,
			);
			mainGroup = BB14F5AC1DCC57C600708557;
			productRefGroup = BB14F5B61DCC57C600708557 /* Products */;
			projectDirPath = "";
			projectRoot = "";
			targets = (
				BB14F5B41DCC57C600708557 /* Sheng_Object */,
				BB14F5CB1DCC57C700708557 /* Sheng_ObjectTests */,
				BB14F5D61DCC57C700708557 /* Sheng_ObjectUITests */,
			);
		};
/* End PBXProject section */

/* Begin PBXResourcesBuildPhase section */
		BB14F5B31DCC57C600708557 /* Resources */ = {
			isa = PBXResourcesBuildPhase;
			buildActionMask = 2147483647;
			files = (
				BB14F5C61DCC57C600708557 /* LaunchScreen.storyboard in Resources */,
				BB14F5C31DCC57C600708557 /* Assets.xcassets in Resources */,
				BB14F5BE1DCC57C600708557 /* Main.storyboard in Resources */,
			);
			runOnlyForDeploymentPostprocessing = 0;
		};
		BB14F5CA1DCC57C700708557 /* Resources */ = {
			isa = PBXResourcesBuildPhase;
			buildActionMask = 2147483647;
			files = (
			);
			runOnlyForDeploymentPostprocessing = 0;
		};
		BB14F5D51DCC57C700708557 /* Resources */ = {
			isa = PBXResourcesBuildPhase;
			buildActionMask = 2147483647;
			files = (
			);
			runOnlyForDeploymentPostprocessing = 0;
		};
/* End PBXResourcesBuildPhase section */

/* Begin PBXSourcesBuildPhase section */
		BB14F5B11DCC57C600708557 /* Sources */ = {
			isa = PBXSourcesBuildPhase;
			buildActionMask = 2147483647;
			files = (
				BB14F5BB1DCC57C600708557 /* ViewController.swift in Sources */,
				BB14F5B91DCC57C600708557 /* AppDelegate.swift in Sources */,
				BB14F5C11DCC57C600708557 /* Sheng_Object.xcdatamodeld in Sources */,
			);
			runOnlyForDeploymentPostprocessing = 0;
		};
		BB14F5C81DCC57C700708557 /* Sources */ = {
			isa = PBXSourcesBuildPhase;
			buildActionMask = 2147483647;
			files = (
				BB14F5D11DCC57C700708557 /* Sheng_ObjectTests.swift in Sources */,
			);
			runOnlyForDeploymentPostprocessing = 0;
		};
		BB14F5D31DCC57C700708557 /* Sources */ = {
			isa = PBXSourcesBuildPhase;
			buildActionMask = 2147483647;
			files = (
				BB14F5DC1DCC57C700708557 /* Sheng_ObjectUITests.swift in Sources */,
			);
			runOnlyForDeploymentPostprocessing = 0;
		};
/* End PBXSourcesBuildPhase section */

/* Begin PBXTargetDependency section */
		BB14F5CE1DCC57C700708557 /* PBXTargetDependency */ = {
			isa = PBXTargetDependency;
			target = BB14F5B41DCC57C600708557 /* Sheng_Object */;
			targetProxy = BB14F5CD1DCC57C700708557 /* PBXContainerItemProxy */;
		};
		BB14F5D91DCC57C700708557 /* PBXTargetDependency */ = {
			isa = PBXTargetDependency;
			target = BB14F5B41DCC57C600708557 /* Sheng_Object */;
			targetProxy = BB14F5D81DCC57C700708557 /* PBXContainerItemProxy */;
		};
/* End PBXTargetDependency section */

/* Begin PBXVariantGroup section */
		BB14F5BC1DCC57C600708557 /* Main.storyboard */ = {
			isa = PBXVariantGroup;
			children = (
				BB14F5BD1DCC57C600708557 /* Base */,
			);
			name = Main.storyboard;
			sourceTree = "<group>";
		};
		BB14F5C41DCC57C600708557 /* LaunchScreen.storyboard */ = {
			isa = PBXVariantGroup;
			children = (
				BB14F5C51DCC57C600708557 /* Base */,
			);
			name = LaunchScreen.storyboard;
			sourceTree = "<group>";
		};
/* End PBXVariantGroup section */

/* Begin XCBuildConfiguration section */
		BB14F5DE1DCC57C700708557 /* Debug */ = {
			isa = XCBuildConfiguration;
			buildSettings = {
				ALWAYS_SEARCH_USER_PATHS = NO;
				CLANG_ANALYZER_NONNULL = YES;
				CLANG_CXX_LANGUAGE_STANDARD = "gnu++0x";
				CLANG_CXX_LIBRARY = "libc++";
				CLANG_ENABLE_MODULES = YES;
				CLANG_ENABLE_OBJC_ARC = YES;
				CLANG_WARN_BOOL_CONVERSION = YES;
				CLANG_WARN_CONSTANT_CONVERSION = YES;
				CLANG_WARN_DIRECT_OBJC_ISA_USAGE = YES_ERROR;
				CLANG_WARN_DOCUMENTATION_COMMENTS = YES;
				CLANG_WARN_EMPTY_BODY = YES;
				CLANG_WARN_ENUM_CONVERSION = YES;
				CLANG_WARN_INFINITE_RECURSION = YES;
				CLANG_WARN_INT_CONVERSION = YES;
				CLANG_WARN_OBJC_ROOT_CLASS = YES_ERROR;
				CLANG_WARN_SUSPICIOUS_MOVES = YES;
				CLANG_WARN_UNREACHABLE_CODE = YES;
				CLANG_WARN__DUPLICATE_METHOD_MATCH = YES;
				"CODE_SIGN_IDENTITY[sdk=iphoneos*]" = "iPhone Developer";
				COPY_PHASE_STRIP = NO;
				DEBUG_INFORMATION_FORMAT = dwarf;
				ENABLE_STRICT_OBJC_MSGSEND = YES;
				ENABLE_TESTABILITY = YES;
				GCC_C_LANGUAGE_STANDARD = gnu99;
				GCC_DYNAMIC_NO_PIC = NO;
				GCC_NO_COMMON_BLOCKS = YES;
				GCC_OPTIMIZATION_LEVEL = 0;
				GCC_PREPROCESSOR_DEFINITIONS = (
					"DEBUG=1",
					"$(inherited)",
				);
				GCC_WARN_64_TO_32_BIT_CONVERSION = YES;
				GCC_WARN_ABOUT_RETURN_TYPE = YES_ERROR;
				GCC_WARN_UNDECLARED_SELECTOR = YES;
				GCC_WARN_UNINITIALIZED_AUTOS = YES_AGGRESSIVE;
				GCC_WARN_UNUSED_FUNCTION = YES;
				GCC_WARN_UNUSED_VARIABLE = YES;
				IPHONEOS_DEPLOYMENT_TARGET = 10.1;
				MTL_ENABLE_DEBUG_INFO = YES;
				ONLY_ACTIVE_ARCH = YES;
				SDKROOT = iphoneos;
				SWIFT_ACTIVE_COMPILATION_CONDITIONS = DEBUG;
				SWIFT_OPTIMIZATION_LEVEL = "-Onone";
			};
			name = Debug;
		};
		BB14F5DF1DCC57C700708557 /* Release */ = {
			isa = XCBuildConfiguration;
			buildSettings = {
				ALWAYS_SEARCH_USER_PATHS = NO;
				CLANG_ANALYZER_NONNULL = YES;
				CLANG_CXX_LANGUAGE_STANDARD = "gnu++0x";
				CLANG_CXX_LIBRARY = "libc++";
				CLANG_ENABLE_MODULES = YES;
				CLANG_ENABLE_OBJC_ARC = YES;
				CLANG_WARN_BOOL_CONVERSION = YES;
				CLANG_WARN_CONSTANT_CONVERSION = YES;
				CLANG_WARN_DIRECT_OBJC_ISA_USAGE = YES_ERROR;
				CLANG_WARN_DOCUMENTATION_COMMENTS = YES;
				CLANG_WARN_EMPTY_BODY = YES;
				CLANG_WARN_ENUM_CONVERSION = YES;
				CLANG_WARN_INFINITE_RECURSION = YES;
				CLANG_WARN_INT_CONVERSION = YES;
				CLANG_WARN_OBJC_ROOT_CLASS = YES_ERROR;
				CLANG_WARN_SUSPICIOUS_MOVES = YES;
				CLANG_WARN_UNREACHABLE_CODE = YES;
				CLANG_WARN__DUPLICATE_METHOD_MATCH = YES;
				"CODE_SIGN_IDENTITY[sdk=iphoneos*]" = "iPhone Developer";
				COPY_PHASE_STRIP = NO;
				DEBUG_INFORMATION_FORMAT = "dwarf-with-dsym";
				ENABLE_NS_ASSERTIONS = NO;
				ENABLE_STRICT_OBJC_MSGSEND = YES;
				GCC_C_LANGUAGE_STANDARD = gnu99;
				GCC_NO_COMMON_BLOCKS = YES;
				GCC_WARN_64_TO_32_BIT_CONVERSION = YES;
				GCC_WARN_ABOUT_RETURN_TYPE = YES_ERROR;
				GCC_WARN_UNDECLARED_SELECTOR = YES;
				GCC_WARN_UNINITIALIZED_AUTOS = YES_AGGRESSIVE;
				GCC_WARN_UNUSED_FUNCTION = YES;
				GCC_WARN_UNUSED_VARIABLE = YES;
				IPHONEOS_DEPLOYMENT_TARGET = 10.1;
				MTL_ENABLE_DEBUG_INFO = NO;
				SDKROOT = iphoneos;
				SWIFT_OPTIMIZATION_LEVEL = "-Owholemodule";
				VALIDATE_PRODUCT = YES;
			};
			name = Release;
		};
		BB14F5E11DCC57C700708557 /* Debug */ = {
			isa = XCBuildConfiguration;
			buildSettings = {
				ASSETCATALOG_COMPILER_APPICON_NAME = AppIcon;
				DEVELOPMENT_TEAM = X6PVYY6Q9E;
				INFOPLIST_FILE = Sheng_Object/Info.plist;
				LD_RUNPATH_SEARCH_PATHS = "$(inherited) @executable_path/Frameworks";
				PRODUCT_BUNDLE_IDENTIFIER = "dfsfd.Sheng-Object";
				PRODUCT_NAME = "$(TARGET_NAME)";
				SWIFT_VERSION = 3.0;
			};
			name = Debug;
		};
		BB14F5E21DCC57C700708557 /* Release */ = {
			isa = XCBuildConfiguration;
			buildSettings = {
				ASSETCATALOG_COMPILER_APPICON_NAME = AppIcon;
				DEVELOPMENT_TEAM = X6PVYY6Q9E;
				INFOPLIST_FILE = Sheng_Object/Info.plist;
				LD_RUNPATH_SEARCH_PATHS = "$(inherited) @executable_path/Frameworks";
				PRODUCT_BUNDLE_IDENTIFIER = "dfsfd.Sheng-Object";
				PRODUCT_NAME = "$(TARGET_NAME)";
				SWIFT_VERSION = 3.0;
			};
			name = Release;
		};
		BB14F5E41DCC57C700708557 /* Debug */ = {
			isa = XCBuildConfiguration;
			buildSettings = {
				ALWAYS_EMBED_SWIFT_STANDARD_LIBRARIES = YES;
				BUNDLE_LOADER = "$(TEST_HOST)";
				DEVELOPMENT_TEAM = X6PVYY6Q9E;
				INFOPLIST_FILE = Sheng_ObjectTests/Info.plist;
				LD_RUNPATH_SEARCH_PATHS = "$(inherited) @executable_path/Frameworks @loader_path/Frameworks";
				PRODUCT_BUNDLE_IDENTIFIER = "dfsfd.Sheng-ObjectTests";
				PRODUCT_NAME = "$(TARGET_NAME)";
				SWIFT_VERSION = 3.0;
				TEST_HOST = "$(BUILT_PRODUCTS_DIR)/Sheng_Object.app/Sheng_Object";
			};
			name = Debug;
		};
		BB14F5E51DCC57C700708557 /* Release */ = {
			isa = XCBuildConfiguration;
			buildSettings = {
				ALWAYS_EMBED_SWIFT_STANDARD_LIBRARIES = YES;
				BUNDLE_LOADER = "$(TEST_HOST)";
				DEVELOPMENT_TEAM = X6PVYY6Q9E;
				INFOPLIST_FILE = Sheng_ObjectTests/Info.plist;
				LD_RUNPATH_SEARCH_PATHS = "$(inherited) @executable_path/Frameworks @loader_path/Frameworks";
				PRODUCT_BUNDLE_IDENTIFIER = "dfsfd.Sheng-ObjectTests";
				PRODUCT_NAME = "$(TARGET_NAME)";
				SWIFT_VERSION = 3.0;
				TEST_HOST = "$(BUILT_PRODUCTS_DIR)/Sheng_Object.app/Sheng_Object";
			};
			name = Release;
		};
		BB14F5E71DCC57C700708557 /* Debug */ = {
			isa = XCBuildConfiguration;
			buildSettings = {
				ALWAYS_EMBED_SWIFT_STANDARD_LIBRARIES = YES;
				DEVELOPMENT_TEAM = X6PVYY6Q9E;
				INFOPLIST_FILE = Sheng_ObjectUITests/Info.plist;
				LD_RUNPATH_SEARCH_PATHS = "$(inherited) @executable_path/Frameworks @loader_path/Frameworks";
				PRODUCT_BUNDLE_IDENTIFIER = "dfsfd.Sheng-ObjectUITests";
				PRODUCT_NAME = "$(TARGET_NAME)";
				SWIFT_VERSION = 3.0;
				TEST_TARGET_NAME = Sheng_Object;
			};
			name = Debug;
		};
		BB14F5E81DCC57C700708557 /* Release */ = {
			isa = XCBuildConfiguration;
			buildSettings = {
				ALWAYS_EMBED_SWIFT_STANDARD_LIBRARIES = YES;
				DEVELOPMENT_TEAM = X6PVYY6Q9E;
				INFOPLIST_FILE = Sheng_ObjectUITests/Info.plist;
				LD_RUNPATH_SEARCH_PATHS = "$(inherited) @executable_path/Frameworks @loader_path/Frameworks";
				PRODUCT_BUNDLE_IDENTIFIER = "dfsfd.Sheng-ObjectUITests";
				PRODUCT_NAME = "$(TARGET_NAME)";
				SWIFT_VERSION = 3.0;
				TEST_TARGET_NAME = Sheng_Object;
			};
			name = Release;
		};
/* End XCBuildConfiguration section */

/* Begin XCConfigurationList section */
		BB14F5B01DCC57C600708557 /* Build configuration list for PBXProject "Sheng_Object" */ = {
			isa = XCConfigurationList;
			buildConfigurations = (
				BB14F5DE1DCC57C700708557 /* Debug */,
				BB14F5DF1DCC57C700708557 /* Release */,
			);
			defaultConfigurationIsVisible = 0;
			defaultConfigurationName = Release;
		};
		BB14F5E01DCC57C700708557 /* Build configuration list for PBXNativeTarget "Sheng_Object" */ = {
			isa = XCConfigurationList;
			buildConfigurations = (
				BB14F5E11DCC57C700708557 /* Debug */,
				BB14F5E21DCC57C700708557 /* Release */,
			);
			defaultConfigurationIsVisible = 0;
		};
		BB14F5E31DCC57C700708557 /* Build configuration list for PBXNativeTarget "Sheng_ObjectTests" */ = {
			isa = XCConfigurationList;
			buildConfigurations = (
				BB14F5E41DCC57C700708557 /* Debug */,
				BB14F5E51DCC57C700708557 /* Release */,
			);
			defaultConfigurationIsVisible = 0;
		};
		BB14F5E61DCC57C700708557 /* Build configuration list for PBXNativeTarget "Sheng_ObjectUITests" */ = {
			isa = XCConfigurationList;
			buildConfigurations = (
				BB14F5E71DCC57C700708557 /* Debug */,
				BB14F5E81DCC57C700708557 /* Release */,
			);
			defaultConfigurationIsVisible = 0;
		};
/* End XCConfigurationList section */

/* Begin XCVersionGroup section */
		BB14F5BF1DCC57C600708557 /* Sheng_Object.xcdatamodeld */ = {
			isa = XCVersionGroup;
			children = (
				BB14F5C01DCC57C600708557 /* Sheng_Object.xcdatamodel */,
			);
			currentVersion = BB14F5C01DCC57C600708557 /* Sheng_Object.xcdatamodel */;
			path = Sheng_Object.xcdatamodeld;
			sourceTree = "<group>";
			versionGroupType = wrapper.xcdatamodel;
		};
/* End XCVersionGroup section */
	};
	rootObject = BB14F5AD1DCC57C600708557 /* Project object */;
}
